
Microsoft Visual Studio Solution File, Format Version 12.00
# Visual Studio 2012
Project("{8BC9CEB8-8B4A-11D0-8D11-00A0C91BC942}") = "cgame", "cgame\cgame.vcxproj", "{A6963C7F-7099-1B37-E800-7849AB462064}"
EndProject
Project("{8BC9CEB8-8B4A-11D0-8D11-00A0C91BC942}") = "game", "game\game.vcxproj", "{75679567-2347-2877-DD0E-5D10DBB2B49A}"
EndProject
Project("{8BC9CEB8-8B4A-11D0-8D11-00A0C91BC942}") = "ui", "ui\ui.vcxproj", "{0BFACFF1-37BB-B444-8CBE-CF11AF2BFC02}"
EndProject
Project("{2150E333-8FDC-42A3-9474-1A3956D46DE8}") = "Client", "Client", "{C315AFAE-5D79-47BA-871C-852902B41EE1}"
EndProject
Project("{2150E333-8FDC-42A3-9474-1A3956D46DE8}") = "Server", "Server", "{40796D2F-5158-4FD1-AF45-EA853971024A}"
EndProject
Global
	GlobalSection(SolutionConfigurationPlatforms) = preSolution
		Debug|Win32 = Debug|Win32
		Release|Win32 = Release|Win32
		Template|Win32 = Template|Win32
	EndGlobalSection
	GlobalSection(ProjectConfigurationPlatforms) = postSolution
		{A6963C7F-7099-1B37-E800-7849AB462064}.Debug|Win32.ActiveCfg = Debug|Win32
		{A6963C7F-7099-1B37-E800-7849AB462064}.Debug|Win32.Build.0 = Debug|Win32
		{A6963C7F-7099-1B37-E800-7849AB462064}.Release|Win32.ActiveCfg = Release|Win32
		{A6963C7F-7099-1B37-E800-7849AB462064}.Release|Win32.Build.0 = Release|Win32
		{A6963C7F-7099-1B37-E800-7849AB462064}.Template|Win32.ActiveCfg = Template|Win32
		{A6963C7F-7099-1B37-E800-7849AB462064}.Template|Win32.Build.0 = Template|Win32
		{75679567-2347-2877-DD0E-5D10DBB2B49A}.Debug|Win32.ActiveCfg = Debug|Win32
		{75679567-2347-2877-DD0E-5D10DBB2B49A}.Debug|Win32.Build.0 = Debug|Win32
		{75679567-2347-2877-DD0E-5D10DBB2B49A}.Release|Win32.ActiveCfg = Release|Win32
		{75679567-2347-2877-DD0E-5D10DBB2B49A}.Release|Win32.Build.0 = Release|Win32
		{75679567-2347-2877-DD0E-5D10DBB2B49A}.Template|Win32.ActiveCfg = Release|Win32
		{75679567-2347-2877-DD0E-5D10DBB2B49A}.Template|Win32.Build.0 = Release|Win32
		{0BFACFF1-37BB-B444-8CBE-CF11AF2BFC02}.Debug|Win32.ActiveCfg = Debug|Win32
		{0BFACFF1-37BB-B444-8CBE-CF11AF2BFC02}.Debug|Win32.Build.0 = Debug|Win32
		{0BFACFF1-37BB-B444-8CBE-CF11AF2BFC02}.Release|Win32.ActiveCfg = Release|Win32
		{0BFACFF1-37BB-B444-8CBE-CF11AF2BFC02}.Release|Win32.Build.0 = Release|Win32
		{0BFACFF1-37BB-B444-8CBE-CF11AF2BFC02}.Template|Win32.ActiveCfg = Template|Win32
		{0BFACFF1-37BB-B444-8CBE-CF11AF2BFC02}.Template|Win32.Build.0 = Template|Win32
	EndGlobalSection
	GlobalSection(SolutionProperties) = preSolution
		HideSolutionNode = FALSE
	EndGlobalSection
	GlobalSection(NestedProjects) = preSolution
		{A6963C7F-7099-1B37-E800-7849AB462064} = {C315AFAE-5D79-47BA-871C-852902B41EE1}
		{0BFACFF1-37BB-B444-8CBE-CF11AF2BFC02} = {C315AFAE-5D79-47BA-871C-852902B41EE1}
		{75679567-2347-2877-DD0E-5D10DBB2B49A} = {40796D2F-5158-4FD1-AF45-EA853971024A}
	EndGlobalSection
EndGlobal
